
Microsoft Visual Studio Solution File, Format Version 12.00
# Visual Studio Version 17
VisualStudioVersion = 17.10.35013.160
MinimumVisualStudioVersion = 10.0.40219.1
Project("{FAE04EC0-301F-11D3-BF4B-00C04F79EFBC}") = "L05", "L05\L05.csproj", "{81568912-ABB0-4BF8-BAA9-839BAD765C21}"
EndProject
Global
	GlobalSection(SolutionConfigurationPlatforms) = preSolution
		Debug|Any CPU = Debug|Any CPU
		Release|Any CPU = Release|Any CPU
	EndGlobalSection
	GlobalSection(ProjectConfigurationPlatforms) = postSolution
		{81568912-ABB0-4BF8-BAA9-839BAD765C21}.Debug|Any CPU.ActiveCfg = Debug|Any CPU
		{81568912-ABB0-4BF8-BAA9-839BAD765C21}.Debug|Any CPU.Build.0 = Debug|Any CPU
		{81568912-ABB0-4BF8-BAA9-839BAD765C21}.Release|Any CPU.ActiveCfg = Release|Any CPU
		{81568912-ABB0-4BF8-BAA9-839BAD765C21}.Release|Any CPU.Build.0 = Release|Any CPU
	EndGlobalSection
	GlobalSection(SolutionProperties) = preSolution
		HideSolutionNode = FALSE
	EndGlobalSection
	GlobalSection(ExtensibilityGlobals) = postSolution
		SolutionGuid = {456B9EE0-3ABF-48CC-AED9-804E66CC0333}
	EndGlobalSection
EndGlobal
